
Microsoft Visual Studio Solution File, Format Version 12.00
# Visual Studio 15
VisualStudioVersion = 15.0.27703.2018
MinimumVisualStudioVersion = 10.0.40219.1
Project("{8BC9CEB8-8B4A-11D0-8D11-00A0C91BC942}") = "LinAlDll", "LinAlDll.vcxproj", "{43A8CF63-F0DD-4DD3-BD5C-16B5E0E7C58A}"
EndProject
Global
	GlobalSection(SolutionConfigurationPlatforms) = preSolution
		Debug|x64 = Debug|x64
		Debug|x86 = Debug|x86
		Release|x64 = Release|x64
		Release|x86 = Release|x86
	EndGlobalSection
	GlobalSection(ProjectConfigurationPlatforms) = postSolution
		{43A8CF63-F0DD-4DD3-BD5C-16B5E0E7C58A}.Debug|x64.ActiveCfg = Debug|x64
		{43A8CF63-F0DD-4DD3-BD5C-16B5E0E7C58A}.Debug|x64.Build.0 = Debug|x64
		{43A8CF63-F0DD-4DD3-BD5C-16B5E0E7C58A}.Debug|x86.ActiveCfg = Debug|Win32
		{43A8CF63-F0DD-4DD3-BD5C-16B5E0E7C58A}.Debug|x86.Build.0 = Debug|Win32
		{43A8CF63-F0DD-4DD3-BD5C-16B5E0E7C58A}.Release|x64.ActiveCfg = Release|x64
		{43A8CF63-F0DD-4DD3-BD5C-16B5E0E7C58A}.Release|x64.Build.0 = Release|x64
		{43A8CF63-F0DD-4DD3-BD5C-16B5E0E7C58A}.Release|x86.ActiveCfg = Release|Win32
		{43A8CF63-F0DD-4DD3-BD5C-16B5E0E7C58A}.Release|x86.Build.0 = Release|Win32
	EndGlobalSection
	GlobalSection(SolutionProperties) = preSolution
		HideSolutionNode = FALSE
	EndGlobalSection
	GlobalSection(ExtensibilityGlobals) = postSolution
		SolutionGuid = {723AED63-599E-43E0-98B8-278CDCB3DBAF}
	EndGlobalSection
EndGlobal
